
Microsoft Visual Studio Solution File, Format Version 12.00
# Visual Studio Version 17
VisualStudioVersion = 17.7.34221.43
MinimumVisualStudioVersion = 10.0.40219.1
Project("{2150E333-8FDC-42A3-9474-1A3956D46DE8}") = "02. Services", "02. Services", "{312E74A2-96CE-48D0-BAE0-379556709A5D}"
EndProject
Project("{9A19103F-16F7-4668-BE54-9A1E7A4F7556}") = "Security.Api", "Security.Api\Security.Api.csproj", "{456AFD5C-7277-4053-8E22-A7DB2815FF8D}"
EndProject
Project("{2150E333-8FDC-42A3-9474-1A3956D46DE8}") = "03. Common", "03. Common", "{0B7B95DC-185B-457A-9E38-797AF5A9FF67}"
EndProject
Project("{9A19103F-16F7-4668-BE54-9A1E7A4F7556}") = "Common", "Common\Common.csproj", "{DD2D8275-48F9-42E4-8AFD-2802598742D5}"
EndProject
Project("{2150E333-8FDC-42A3-9474-1A3956D46DE8}") = "04. Infraestructure", "04. Infraestructure", "{92B2483D-C43A-40D3-B880-9C29CF89036A}"
EndProject
Project("{9A19103F-16F7-4668-BE54-9A1E7A4F7556}") = "Infraestructure", "Infraestructure\Infraestructure.csproj", "{0EAE76E2-6EA6-43AF-802A-6791F188B44E}"
EndProject
Project("{9A19103F-16F7-4668-BE54-9A1E7A4F7556}") = "Model", "Model\Model.csproj", "{C255F8D4-C0F3-404E-BC57-62658EC5FF3A}"
EndProject
Project("{2150E333-8FDC-42A3-9474-1A3956D46DE8}") = "01. Security", "01. Security", "{B2D03B77-E198-44DF-9E3A-04B02ADA9C9A}"
EndProject
Project("{2150E333-8FDC-42A3-9474-1A3956D46DE8}") = "01. Api", "01. Api", "{E08F262D-4585-4A18-BB50-C51D6B433E6D}"
EndProject
Project("{2150E333-8FDC-42A3-9474-1A3956D46DE8}") = "02. Core", "02. Core", "{6A2873EF-69E6-4EE0-99BC-E10F8887ADEA}"
EndProject
Project("{9A19103F-16F7-4668-BE54-9A1E7A4F7556}") = "Aplication", "Aplication\Aplication.csproj", "{5B72D768-AF4D-4743-B896-D79D4E7523D6}"
EndProject
Project("{9A19103F-16F7-4668-BE54-9A1E7A4F7556}") = "Domain", "Domain\Domain.csproj", "{7C39AE34-4363-426F-B045-1C1A95F01D6C}"
EndProject
Global
	GlobalSection(SolutionConfigurationPlatforms) = preSolution
		Debug|Any CPU = Debug|Any CPU
		Release|Any CPU = Release|Any CPU
	EndGlobalSection
	GlobalSection(ProjectConfigurationPlatforms) = postSolution
		{456AFD5C-7277-4053-8E22-A7DB2815FF8D}.Debug|Any CPU.ActiveCfg = Debug|Any CPU
		{456AFD5C-7277-4053-8E22-A7DB2815FF8D}.Debug|Any CPU.Build.0 = Debug|Any CPU
		{456AFD5C-7277-4053-8E22-A7DB2815FF8D}.Release|Any CPU.ActiveCfg = Release|Any CPU
		{456AFD5C-7277-4053-8E22-A7DB2815FF8D}.Release|Any CPU.Build.0 = Release|Any CPU
		{DD2D8275-48F9-42E4-8AFD-2802598742D5}.Debug|Any CPU.ActiveCfg = Debug|Any CPU
		{DD2D8275-48F9-42E4-8AFD-2802598742D5}.Debug|Any CPU.Build.0 = Debug|Any CPU
		{DD2D8275-48F9-42E4-8AFD-2802598742D5}.Release|Any CPU.ActiveCfg = Release|Any CPU
		{DD2D8275-48F9-42E4-8AFD-2802598742D5}.Release|Any CPU.Build.0 = Release|Any CPU
		{0EAE76E2-6EA6-43AF-802A-6791F188B44E}.Debug|Any CPU.ActiveCfg = Debug|Any CPU
		{0EAE76E2-6EA6-43AF-802A-6791F188B44E}.Debug|Any CPU.Build.0 = Debug|Any CPU
		{0EAE76E2-6EA6-43AF-802A-6791F188B44E}.Release|Any CPU.ActiveCfg = Release|Any CPU
		{0EAE76E2-6EA6-43AF-802A-6791F188B44E}.Release|Any CPU.Build.0 = Release|Any CPU
		{C255F8D4-C0F3-404E-BC57-62658EC5FF3A}.Debug|Any CPU.ActiveCfg = Debug|Any CPU
		{C255F8D4-C0F3-404E-BC57-62658EC5FF3A}.Debug|Any CPU.Build.0 = Debug|Any CPU
		{C255F8D4-C0F3-404E-BC57-62658EC5FF3A}.Release|Any CPU.ActiveCfg = Release|Any CPU
		{C255F8D4-C0F3-404E-BC57-62658EC5FF3A}.Release|Any CPU.Build.0 = Release|Any CPU
		{5B72D768-AF4D-4743-B896-D79D4E7523D6}.Debug|Any CPU.ActiveCfg = Debug|Any CPU
		{5B72D768-AF4D-4743-B896-D79D4E7523D6}.Debug|Any CPU.Build.0 = Debug|Any CPU
		{5B72D768-AF4D-4743-B896-D79D4E7523D6}.Release|Any CPU.ActiveCfg = Release|Any CPU
		{5B72D768-AF4D-4743-B896-D79D4E7523D6}.Release|Any CPU.Build.0 = Release|Any CPU
		{7C39AE34-4363-426F-B045-1C1A95F01D6C}.Debug|Any CPU.ActiveCfg = Debug|Any CPU
		{7C39AE34-4363-426F-B045-1C1A95F01D6C}.Debug|Any CPU.Build.0 = Debug|Any CPU
		{7C39AE34-4363-426F-B045-1C1A95F01D6C}.Release|Any CPU.ActiveCfg = Release|Any CPU
		{7C39AE34-4363-426F-B045-1C1A95F01D6C}.Release|Any CPU.Build.0 = Release|Any CPU
	EndGlobalSection
	GlobalSection(SolutionProperties) = preSolution
		HideSolutionNode = FALSE
	EndGlobalSection
	GlobalSection(NestedProjects) = preSolution
		{456AFD5C-7277-4053-8E22-A7DB2815FF8D} = {E08F262D-4585-4A18-BB50-C51D6B433E6D}
		{DD2D8275-48F9-42E4-8AFD-2802598742D5} = {0B7B95DC-185B-457A-9E38-797AF5A9FF67}
		{0EAE76E2-6EA6-43AF-802A-6791F188B44E} = {92B2483D-C43A-40D3-B880-9C29CF89036A}
		{C255F8D4-C0F3-404E-BC57-62658EC5FF3A} = {92B2483D-C43A-40D3-B880-9C29CF89036A}
		{B2D03B77-E198-44DF-9E3A-04B02ADA9C9A} = {312E74A2-96CE-48D0-BAE0-379556709A5D}
		{E08F262D-4585-4A18-BB50-C51D6B433E6D} = {B2D03B77-E198-44DF-9E3A-04B02ADA9C9A}
		{6A2873EF-69E6-4EE0-99BC-E10F8887ADEA} = {B2D03B77-E198-44DF-9E3A-04B02ADA9C9A}
		{5B72D768-AF4D-4743-B896-D79D4E7523D6} = {6A2873EF-69E6-4EE0-99BC-E10F8887ADEA}
		{7C39AE34-4363-426F-B045-1C1A95F01D6C} = {6A2873EF-69E6-4EE0-99BC-E10F8887ADEA}
	EndGlobalSection
	GlobalSection(ExtensibilityGlobals) = postSolution
		SolutionGuid = {211FAC39-D148-4FB3-908C-9E771444448E}
	EndGlobalSection
EndGlobal
